
Microsoft Visual Studio Solution File, Format Version 12.00
Project("{FAE04EC0-301F-11D3-BF4B-00C04F79EFBC}") = "WowApp.Host", "WowApp.Host\WowApp.Host.csproj", "{8CC159D7-099A-4C37-A046-88F976400EFE}"
EndProject
Project("{FAE04EC0-301F-11D3-BF4B-00C04F79EFBC}") = "WowApp.Model", "WowApp.Model\WowApp.Model.csproj", "{8F2497EE-A07A-4A32-92A7-06993653EE8F}"
EndProject
Project("{FAE04EC0-301F-11D3-BF4B-00C04F79EFBC}") = "WowApp.Database", "WowApp.Database\WowApp.Database.csproj", "{5D52FDD4-B143-4F66-9815-380BD347A438}"
EndProject
Project("{FAE04EC0-301F-11D3-BF4B-00C04F79EFBC}") = "WowApp.Database.Service", "WowApp.Database.Service\WowApp.Database.Service.csproj", "{2CF433CF-138B-4DAB-9F0E-69B614CA67C8}"
EndProject
Project("{FAE04EC0-301F-11D3-BF4B-00C04F79EFBC}") = "WowApp.Database.Test", "WowApp.Database.Test\WowApp.Database.Test.csproj", "{0E9FD4EA-A358-4B44-A778-8E46329944B6}"
EndProject
Project("{FAE04EC0-301F-11D3-BF4B-00C04F79EFBC}") = "WowApp.Client", "WowApp.Client\WowApp.Client.csproj", "{020DA1CF-B5D3-4567-9097-FDC405B01B33}"
EndProject
Project("{FAE04EC0-301F-11D3-BF4B-00C04F79EFBC}") = "WowApp.Client.Codec", "WowApp.Client.Codec\WowApp.Client.Codec.csproj", "{FD2AB553-EB72-46BD-AC47-79E5EC8D9954}"
EndProject
Global
	GlobalSection(SolutionConfigurationPlatforms) = preSolution
		Debug|Any CPU = Debug|Any CPU
		Release|Any CPU = Release|Any CPU
	EndGlobalSection
	GlobalSection(ProjectConfigurationPlatforms) = postSolution
		{8CC159D7-099A-4C37-A046-88F976400EFE}.Debug|Any CPU.ActiveCfg = Debug|Any CPU
		{8CC159D7-099A-4C37-A046-88F976400EFE}.Debug|Any CPU.Build.0 = Debug|Any CPU
		{8CC159D7-099A-4C37-A046-88F976400EFE}.Release|Any CPU.ActiveCfg = Release|Any CPU
		{8CC159D7-099A-4C37-A046-88F976400EFE}.Release|Any CPU.Build.0 = Release|Any CPU
		{8F2497EE-A07A-4A32-92A7-06993653EE8F}.Debug|Any CPU.ActiveCfg = Debug|Any CPU
		{8F2497EE-A07A-4A32-92A7-06993653EE8F}.Debug|Any CPU.Build.0 = Debug|Any CPU
		{8F2497EE-A07A-4A32-92A7-06993653EE8F}.Release|Any CPU.ActiveCfg = Release|Any CPU
		{8F2497EE-A07A-4A32-92A7-06993653EE8F}.Release|Any CPU.Build.0 = Release|Any CPU
		{5D52FDD4-B143-4F66-9815-380BD347A438}.Debug|Any CPU.ActiveCfg = Debug|Any CPU
		{5D52FDD4-B143-4F66-9815-380BD347A438}.Debug|Any CPU.Build.0 = Debug|Any CPU
		{5D52FDD4-B143-4F66-9815-380BD347A438}.Release|Any CPU.ActiveCfg = Release|Any CPU
		{5D52FDD4-B143-4F66-9815-380BD347A438}.Release|Any CPU.Build.0 = Release|Any CPU
		{2CF433CF-138B-4DAB-9F0E-69B614CA67C8}.Debug|Any CPU.ActiveCfg = Debug|Any CPU
		{2CF433CF-138B-4DAB-9F0E-69B614CA67C8}.Debug|Any CPU.Build.0 = Debug|Any CPU
		{2CF433CF-138B-4DAB-9F0E-69B614CA67C8}.Release|Any CPU.ActiveCfg = Release|Any CPU
		{2CF433CF-138B-4DAB-9F0E-69B614CA67C8}.Release|Any CPU.Build.0 = Release|Any CPU
		{0E9FD4EA-A358-4B44-A778-8E46329944B6}.Debug|Any CPU.ActiveCfg = Debug|Any CPU
		{0E9FD4EA-A358-4B44-A778-8E46329944B6}.Debug|Any CPU.Build.0 = Debug|Any CPU
		{0E9FD4EA-A358-4B44-A778-8E46329944B6}.Release|Any CPU.ActiveCfg = Release|Any CPU
		{0E9FD4EA-A358-4B44-A778-8E46329944B6}.Release|Any CPU.Build.0 = Release|Any CPU
		{020DA1CF-B5D3-4567-9097-FDC405B01B33}.Debug|Any CPU.ActiveCfg = Debug|Any CPU
		{020DA1CF-B5D3-4567-9097-FDC405B01B33}.Debug|Any CPU.Build.0 = Debug|Any CPU
		{020DA1CF-B5D3-4567-9097-FDC405B01B33}.Release|Any CPU.ActiveCfg = Release|Any CPU
		{020DA1CF-B5D3-4567-9097-FDC405B01B33}.Release|Any CPU.Build.0 = Release|Any CPU
		{FD2AB553-EB72-46BD-AC47-79E5EC8D9954}.Debug|Any CPU.ActiveCfg = Debug|Any CPU
		{FD2AB553-EB72-46BD-AC47-79E5EC8D9954}.Debug|Any CPU.Build.0 = Debug|Any CPU
		{FD2AB553-EB72-46BD-AC47-79E5EC8D9954}.Release|Any CPU.ActiveCfg = Release|Any CPU
		{FD2AB553-EB72-46BD-AC47-79E5EC8D9954}.Release|Any CPU.Build.0 = Release|Any CPU
	EndGlobalSection
EndGlobal
