
Microsoft Visual Studio Solution File, Format Version 12.00
Project("{FAE04EC0-301F-11D3-BF4B-00C04F79EFBC}") = "WowApp.Host", "WowApp.Host\WowApp.Host.csproj", "{8CC159D7-099A-4C37-A046-88F976400EFE}"
EndProject
Global
	GlobalSection(SolutionConfigurationPlatforms) = preSolution
		Debug|Any CPU = Debug|Any CPU
		Release|Any CPU = Release|Any CPU
	EndGlobalSection
	GlobalSection(ProjectConfigurationPlatforms) = postSolution
		{8CC159D7-099A-4C37-A046-88F976400EFE}.Debug|Any CPU.ActiveCfg = Debug|Any CPU
		{8CC159D7-099A-4C37-A046-88F976400EFE}.Debug|Any CPU.Build.0 = Debug|Any CPU
		{8CC159D7-099A-4C37-A046-88F976400EFE}.Release|Any CPU.ActiveCfg = Release|Any CPU
		{8CC159D7-099A-4C37-A046-88F976400EFE}.Release|Any CPU.Build.0 = Release|Any CPU
	EndGlobalSection
EndGlobal
